
Microsoft Visual Studio Solution File, Format Version 12.00
# Visual Studio Version 16
VisualStudioVersion = 16.0.29728.190
MinimumVisualStudioVersion = 10.0.40219.1
Project("{FAE04EC0-301F-11D3-BF4B-00C04F79EFBC}") = "SharedCalculator", "SharedCalculator\SharedCalculator.csproj", "{A479E09B-B00A-4CFA-9514-70FC887C8216}"
EndProject
Project("{FAE04EC0-301F-11D3-BF4B-00C04F79EFBC}") = "SharedCalculatorCalculatorTests", "SharedCalculatorCalculatorTests\SharedCalculatorCalculatorTests.csproj", "{BAAAA1B5-F143-4497-A4E1-C6B223D933E6}"
EndProject
Global
	GlobalSection(SolutionConfigurationPlatforms) = preSolution
		Debug|Any CPU = Debug|Any CPU
		Release|Any CPU = Release|Any CPU
	EndGlobalSection
	GlobalSection(ProjectConfigurationPlatforms) = postSolution
		{A479E09B-B00A-4CFA-9514-70FC887C8216}.Debug|Any CPU.ActiveCfg = Debug|Any CPU
		{A479E09B-B00A-4CFA-9514-70FC887C8216}.Debug|Any CPU.Build.0 = Debug|Any CPU
		{A479E09B-B00A-4CFA-9514-70FC887C8216}.Release|Any CPU.ActiveCfg = Release|Any CPU
		{A479E09B-B00A-4CFA-9514-70FC887C8216}.Release|Any CPU.Build.0 = Release|Any CPU
		{BAAAA1B5-F143-4497-A4E1-C6B223D933E6}.Debug|Any CPU.ActiveCfg = Debug|Any CPU
		{BAAAA1B5-F143-4497-A4E1-C6B223D933E6}.Debug|Any CPU.Build.0 = Debug|Any CPU
		{BAAAA1B5-F143-4497-A4E1-C6B223D933E6}.Release|Any CPU.ActiveCfg = Release|Any CPU
		{BAAAA1B5-F143-4497-A4E1-C6B223D933E6}.Release|Any CPU.Build.0 = Release|Any CPU
	EndGlobalSection
	GlobalSection(SolutionProperties) = preSolution
		HideSolutionNode = FALSE
	EndGlobalSection
	GlobalSection(ExtensibilityGlobals) = postSolution
		SolutionGuid = {35116E2E-C52E-4CE1-984E-4500C7DD3A31}
	EndGlobalSection
EndGlobal
